
Microsoft Visual Studio Solution File, Format Version 12.00
# Visual Studio Version 16
VisualStudioVersion = 16.0.31702.278
MinimumVisualStudioVersion = 10.0.40219.1
Project("{FAE04EC0-301F-11D3-BF4B-00C04F79EFBC}") = "SMS_Sender", "SMS_Sender.csproj", "{4BE29E1C-6635-414A-8225-63E027EBDDDB}"
EndProject
Global
	GlobalSection(SolutionConfigurationPlatforms) = preSolution
		Debug|Any CPU = Debug|Any CPU
		Release|Any CPU = Release|Any CPU
	EndGlobalSection
	GlobalSection(ProjectConfigurationPlatforms) = postSolution
		{4BE29E1C-6635-414A-8225-63E027EBDDDB}.Debug|Any CPU.ActiveCfg = Debug|Any CPU
		{4BE29E1C-6635-414A-8225-63E027EBDDDB}.Debug|Any CPU.Build.0 = Debug|Any CPU
		{4BE29E1C-6635-414A-8225-63E027EBDDDB}.Release|Any CPU.ActiveCfg = Release|Any CPU
		{4BE29E1C-6635-414A-8225-63E027EBDDDB}.Release|Any CPU.Build.0 = Release|Any CPU
	EndGlobalSection
	GlobalSection(SolutionProperties) = preSolution
		HideSolutionNode = FALSE
	EndGlobalSection
	GlobalSection(ExtensibilityGlobals) = postSolution
		SolutionGuid = {86AE6671-CA55-4AB7-96B3-618A05A83331}
	EndGlobalSection
EndGlobal
